
Microsoft Visual Studio Solution File, Format Version 12.00
# Visual Studio Version 16
VisualStudioVersion = 16.0.32228.343
MinimumVisualStudioVersion = 10.0.40219.1
Project("{FAE04EC0-301F-11D3-BF4B-00C04F79EFBC}") = "Lenos", "Lenos.csproj", "{1742F750-AF9C-4056-8AD6-C6ADE65E9423}"
EndProject
Global
	GlobalSection(SolutionConfigurationPlatforms) = preSolution
		Debug|Any CPU = Debug|Any CPU
		Release|Any CPU = Release|Any CPU
	EndGlobalSection
	GlobalSection(ProjectConfigurationPlatforms) = postSolution
		{1742F750-AF9C-4056-8AD6-C6ADE65E9423}.Debug|Any CPU.ActiveCfg = Debug|Any CPU
		{1742F750-AF9C-4056-8AD6-C6ADE65E9423}.Debug|Any CPU.Build.0 = Debug|Any CPU
		{1742F750-AF9C-4056-8AD6-C6ADE65E9423}.Release|Any CPU.ActiveCfg = Release|Any CPU
		{1742F750-AF9C-4056-8AD6-C6ADE65E9423}.Release|Any CPU.Build.0 = Release|Any CPU
	EndGlobalSection
	GlobalSection(SolutionProperties) = preSolution
		HideSolutionNode = FALSE
	EndGlobalSection
	GlobalSection(ExtensibilityGlobals) = postSolution
		SolutionGuid = {20BB27A0-F221-4D19-AFA0-E08EF59419BB}
	EndGlobalSection
EndGlobal
